
Microsoft Visual Studio Solution File, Format Version 12.00
# Visual Studio Version 16
VisualStudioVersion = 16.0.31025.194
MinimumVisualStudioVersion = 10.0.40219.1
Project("{FAE04EC0-301F-11D3-BF4B-00C04F79EFBC}") = "ArtCode", "ArtCode.csproj", "{FF497623-A5DA-4C4C-A90D-A0F245F16391}"
EndProject
Global
	GlobalSection(SolutionConfigurationPlatforms) = preSolution
		Debug|Any CPU = Debug|Any CPU
		Release|Any CPU = Release|Any CPU
	EndGlobalSection
	GlobalSection(ProjectConfigurationPlatforms) = postSolution
		{FF497623-A5DA-4C4C-A90D-A0F245F16391}.Debug|Any CPU.ActiveCfg = Debug|Any CPU
		{FF497623-A5DA-4C4C-A90D-A0F245F16391}.Debug|Any CPU.Build.0 = Debug|Any CPU
		{FF497623-A5DA-4C4C-A90D-A0F245F16391}.Release|Any CPU.ActiveCfg = Release|Any CPU
		{FF497623-A5DA-4C4C-A90D-A0F245F16391}.Release|Any CPU.Build.0 = Release|Any CPU
	EndGlobalSection
	GlobalSection(SolutionProperties) = preSolution
		HideSolutionNode = FALSE
	EndGlobalSection
	GlobalSection(ExtensibilityGlobals) = postSolution
		SolutionGuid = {0872526C-E6AB-4821-AD9F-39801308F310}
	EndGlobalSection
EndGlobal
